
Microsoft Visual Studio Solution File, Format Version 12.00
# Visual Studio Version 17
VisualStudioVersion = 17.5.33424.131
MinimumVisualStudioVersion = 10.0.40219.1
Project("{FAE04EC0-301F-11D3-BF4B-00C04F79EFBC}") = "ProEventosAPI", "ProEventosAPI\ProEventosAPI.csproj", "{D706E0DF-C479-4E5B-84A9-A3708CB39D58}"
EndProject
Project("{FAE04EC0-301F-11D3-BF4B-00C04F79EFBC}") = "ProEventosApplication", "ProEventosApplication\ProEventosApplication.csproj", "{A92872E6-9083-428C-BC1E-B3C5C1167053}"
EndProject
Project("{FAE04EC0-301F-11D3-BF4B-00C04F79EFBC}") = "ProEventosDomain", "ProEventosDomain\ProEventosDomain.csproj", "{A87B66FB-3742-4156-A999-B03CE26356F9}"
EndProject
Project("{FAE04EC0-301F-11D3-BF4B-00C04F79EFBC}") = "ProEventosPersistence", "ProEventosPersistence\ProEventosPersistence.csproj", "{D2DE0759-4854-447E-8A7E-A728514AC4E8}"
EndProject
Global
	GlobalSection(SolutionConfigurationPlatforms) = preSolution
		Debug|Any CPU = Debug|Any CPU
		Release|Any CPU = Release|Any CPU
	EndGlobalSection
	GlobalSection(ProjectConfigurationPlatforms) = postSolution
		{D706E0DF-C479-4E5B-84A9-A3708CB39D58}.Debug|Any CPU.ActiveCfg = Debug|Any CPU
		{D706E0DF-C479-4E5B-84A9-A3708CB39D58}.Debug|Any CPU.Build.0 = Debug|Any CPU
		{D706E0DF-C479-4E5B-84A9-A3708CB39D58}.Release|Any CPU.ActiveCfg = Release|Any CPU
		{D706E0DF-C479-4E5B-84A9-A3708CB39D58}.Release|Any CPU.Build.0 = Release|Any CPU
		{A92872E6-9083-428C-BC1E-B3C5C1167053}.Debug|Any CPU.ActiveCfg = Debug|Any CPU
		{A92872E6-9083-428C-BC1E-B3C5C1167053}.Debug|Any CPU.Build.0 = Debug|Any CPU
		{A92872E6-9083-428C-BC1E-B3C5C1167053}.Release|Any CPU.ActiveCfg = Release|Any CPU
		{A92872E6-9083-428C-BC1E-B3C5C1167053}.Release|Any CPU.Build.0 = Release|Any CPU
		{A87B66FB-3742-4156-A999-B03CE26356F9}.Debug|Any CPU.ActiveCfg = Debug|Any CPU
		{A87B66FB-3742-4156-A999-B03CE26356F9}.Debug|Any CPU.Build.0 = Debug|Any CPU
		{A87B66FB-3742-4156-A999-B03CE26356F9}.Release|Any CPU.ActiveCfg = Release|Any CPU
		{A87B66FB-3742-4156-A999-B03CE26356F9}.Release|Any CPU.Build.0 = Release|Any CPU
		{D2DE0759-4854-447E-8A7E-A728514AC4E8}.Debug|Any CPU.ActiveCfg = Debug|Any CPU
		{D2DE0759-4854-447E-8A7E-A728514AC4E8}.Debug|Any CPU.Build.0 = Debug|Any CPU
		{D2DE0759-4854-447E-8A7E-A728514AC4E8}.Release|Any CPU.ActiveCfg = Release|Any CPU
		{D2DE0759-4854-447E-8A7E-A728514AC4E8}.Release|Any CPU.Build.0 = Release|Any CPU
	EndGlobalSection
	GlobalSection(SolutionProperties) = preSolution
		HideSolutionNode = FALSE
	EndGlobalSection
	GlobalSection(ExtensibilityGlobals) = postSolution
		SolutionGuid = {B66F4A5F-5E61-4123-979B-3F89A00A719A}
	EndGlobalSection
EndGlobal
